
Microsoft Visual Studio Solution File, Format Version 12.00
# Visual Studio 15
VisualStudioVersion = 15.0.26228.13
MinimumVisualStudioVersion = 10.0.40219.1
Project("{CC5FD16D-436D-48AD-A40C-5A424C6E3E79}") = "application", "application\application.ccproj", "{7A0E5440-5538-4D84-8D25-27A6E6E2229D}"
EndProject
Project("{FAE04EC0-301F-11D3-BF4B-00C04F79EFBC}") = "WebRole1", "WebRole1\WebRole1.csproj", "{D23D3858-582D-4391-ADB3-146CE7A325EB}"
EndProject
Global
	GlobalSection(SolutionConfigurationPlatforms) = preSolution
		Debug|Any CPU = Debug|Any CPU
		Release|Any CPU = Release|Any CPU
	EndGlobalSection
	GlobalSection(ProjectConfigurationPlatforms) = postSolution
		{7A0E5440-5538-4D84-8D25-27A6E6E2229D}.Debug|Any CPU.ActiveCfg = Debug|Any CPU
		{7A0E5440-5538-4D84-8D25-27A6E6E2229D}.Debug|Any CPU.Build.0 = Debug|Any CPU
		{7A0E5440-5538-4D84-8D25-27A6E6E2229D}.Release|Any CPU.ActiveCfg = Release|Any CPU
		{7A0E5440-5538-4D84-8D25-27A6E6E2229D}.Release|Any CPU.Build.0 = Release|Any CPU
		{D23D3858-582D-4391-ADB3-146CE7A325EB}.Debug|Any CPU.ActiveCfg = Debug|Any CPU
		{D23D3858-582D-4391-ADB3-146CE7A325EB}.Debug|Any CPU.Build.0 = Debug|Any CPU
		{D23D3858-582D-4391-ADB3-146CE7A325EB}.Release|Any CPU.ActiveCfg = Release|Any CPU
		{D23D3858-582D-4391-ADB3-146CE7A325EB}.Release|Any CPU.Build.0 = Release|Any CPU
	EndGlobalSection
	GlobalSection(SolutionProperties) = preSolution
		HideSolutionNode = FALSE
	EndGlobalSection
EndGlobal
